// !$*UTF8*$!
{
	archiveVersion = 1;
	classes = {
	};
	objectVersion = 46;
	objects = {

/* Begin PBXBuildFile section */
		84F8F880F54602711D5DB4CC /* Pods_RainyShinyCloudyUITests.framework in Frameworks */ = {isa = PBXBuildFile; fileRef = 028FA4A5798D76A6544FDE22 /* Pods_RainyShinyCloudyUITests.framework */; };
		860AE9626DFA8122BC7C7049 /* Pods_RainyShinyCloudyTests.framework in Frameworks */ = {isa = PBXBuildFile; fileRef = 64C1AD7C76A9B891B091219E /* Pods_RainyShinyCloudyTests.framework */; };
		A58F7D0E8A14A6456EBDCDB6 /* Pods_RainyShinyCloudy.framework in Frameworks */ = {isa = PBXBuildFile; fileRef = 685C6893FEF666F41569342C /* Pods_RainyShinyCloudy.framework */; };
		C526CD6C1E89D0BD00855A55 /* Constants .swift in Sources */ = {isa = PBXBuildFile; fileRef = C526CD6B1E89D0BD00855A55 /* Constants .swift */; };
		C526CD6E1E89E58B00855A55 /* currentWeather.swift in Sources */ = {isa = PBXBuildFile; fileRef = C526CD6D1E89E58B00855A55 /* currentWeather.swift */; };
		C5A7458C1E8DA7DE00F4E995 /* Location.swift in Sources */ = {isa = PBXBuildFile; fileRef = C5A7458B1E8DA7DE00F4E995 /* Location.swift */; };
		C5B24BF71E8953720096EAC1 /* AppDelegate.swift in Sources */ = {isa = PBXBuildFile; fileRef = C5B24BF61E8953720096EAC1 /* AppDelegate.swift */; };
		C5B24BF91E8953720096EAC1 /* WeatherVC.swift in Sources */ = {isa = PBXBuildFile; fileRef = C5B24BF81E8953720096EAC1 /* WeatherVC.swift */; };
		C5B24BFC1E8953720096EAC1 /* Main.storyboard in Resources */ = {isa = PBXBuildFile; fileRef = C5B24BFA1E8953720096EAC1 /* Main.storyboard */; };
		C5B24BFE1E8953720096EAC1 /* Assets.xcassets in Resources */ = {isa = PBXBuildFile; fileRef = C5B24BFD1E8953720096EAC1 /* Assets.xcassets */; };
		C5B24C011E8953720096EAC1 /* LaunchScreen.storyboard in Resources */ = {isa = PBXBuildFile; fileRef = C5B24BFF1E8953720096EAC1 /* LaunchScreen.storyboard */; };
		C5B24C0C1E8953720096EAC1 /* RainyShinyCloudyTests.swift in Sources */ = {isa = PBXBuildFile; fileRef = C5B24C0B1E8953720096EAC1 /* RainyShinyCloudyTests.swift */; };
		C5B24C171E8953720096EAC1 /* RainyShinyCloudyUITests.swift in Sources */ = {isa = PBXBuildFile; fileRef = C5B24C161E8953720096EAC1 /* RainyShinyCloudyUITests.swift */; };
		C5DECBE91E8BF7950031CCB8 /* Forecast.swift in Sources */ = {isa = PBXBuildFile; fileRef = C5DECBE81E8BF7950031CCB8 /* Forecast.swift */; };
		C5DECBEB1E8C38A30031CCB8 /* WeatherCell.swift in Sources */ = {isa = PBXBuildFile; fileRef = C5DECBEA1E8C38A30031CCB8 /* WeatherCell.swift */; };
/* End PBXBuildFile section */

/* Begin PBXContainerItemProxy section */
		C5B24C081E8953720096EAC1 /* PBXContainerItemProxy */ = {
			isa = PBXContainerItemProxy;
			containerPortal = C5B24BEB1E8953720096EAC1 /* Project object */;
			proxyType = 1;
			remoteGlobalIDString = C5B24BF21E8953720096EAC1;
			remoteInfo = RainyShinyCloudy;
		};
		C5B24C131E8953720096EAC1 /* PBXContainerItemProxy */ = {
			isa = PBXContainerItemProxy;
			containerPortal = C5B24BEB1E8953720096EAC1 /* Project object */;
			proxyType = 1;
			remoteGlobalIDString = C5B24BF21E8953720096EAC1;
			remoteInfo = RainyShinyCloudy;
		};
/* End PBXContainerItemProxy section */

/* Begin PBXFileReference section */
		028FA4A5798D76A6544FDE22 /* Pods_RainyShinyCloudyUITests.framework */ = {isa = PBXFileReference; explicitFileType = wrapper.framework; includeInIndex = 0; path = Pods_RainyShinyCloudyUITests.framework; sourceTree = BUILT_PRODUCTS_DIR; };
		04AC8F84525412DF6F40A5F1 /* Pods-RainyShinyCloudyUITests.debug.xcconfig */ = {isa = PBXFileReference; includeInIndex = 1; lastKnownFileType = text.xcconfig; name = "Pods-RainyShinyCloudyUITests.debug.xcconfig"; path = "Pods/Target Support Files/Pods-RainyShinyCloudyUITests/Pods-RainyShinyCloudyUITests.debug.xcconfig"; sourceTree = "<group>"; };
		3DD34DAF38E295BED0E79C16 /* Pods-RainyShinyCloudyUITests.release.xcconfig */ = {isa = PBXFileReference; includeInIndex = 1; lastKnownFileType = text.xcconfig; name = "Pods-RainyShinyCloudyUITests.release.xcconfig"; path = "Pods/Target Support Files/Pods-RainyShinyCloudyUITests/Pods-RainyShinyCloudyUITests.release.xcconfig"; sourceTree = "<group>"; };
		4EC2ADBA3F7876A350129AC0 /* Pods-RainyShinyCloudy.debug.xcconfig */ = {isa = PBXFileReference; includeInIndex = 1; lastKnownFileType = text.xcconfig; name = "Pods-RainyShinyCloudy.debug.xcconfig"; path = "Pods/Target Support Files/Pods-RainyShinyCloudy/Pods-RainyShinyCloudy.debug.xcconfig"; sourceTree = "<group>"; };
		64C1AD7C76A9B891B091219E /* Pods_RainyShinyCloudyTests.framework */ = {isa = PBXFileReference; explicitFileType = wrapper.framework; includeInIndex = 0; path = Pods_RainyShinyCloudyTests.framework; sourceTree = BUILT_PRODUCTS_DIR; };
		685C6893FEF666F41569342C /* Pods_RainyShinyCloudy.framework */ = {isa = PBXFileReference; explicitFileType = wrapper.framework; includeInIndex = 0; path = Pods_RainyShinyCloudy.framework; sourceTree = BUILT_PRODUCTS_DIR; };
		A264F54CD67FD748F1B18CD1 /* Pods-RainyShinyCloudyTests.release.xcconfig */ = {isa = PBXFileReference; includeInIndex = 1; lastKnownFileType = text.xcconfig; name = "Pods-RainyShinyCloudyTests.release.xcconfig"; path = "Pods/Target Support Files/Pods-RainyShinyCloudyTests/Pods-RainyShinyCloudyTests.release.xcconfig"; sourceTree = "<group>"; };
		C526CD6B1E89D0BD00855A55 /* Constants .swift */ = {isa = PBXFileReference; fileEncoding = 4; lastKnownFileType = sourcecode.swift; path = "Constants .swift"; sourceTree = "<group>"; };
		C526CD6D1E89E58B00855A55 /* currentWeather.swift */ = {isa = PBXFileReference; fileEncoding = 4; lastKnownFileType = sourcecode.swift; path = currentWeather.swift; sourceTree = "<group>"; };
		C5A7458B1E8DA7DE00F4E995 /* Location.swift */ = {isa = PBXFileReference; fileEncoding = 4; lastKnownFileType = sourcecode.swift; path = Location.swift; sourceTree = "<group>"; };
		C5B24BF31E8953720096EAC1 /* RainyShinyCloudy.app */ = {isa = PBXFileReference; explicitFileType = wrapper.application; includeInIndex = 0; path = RainyShinyCloudy.app; sourceTree = BUILT_PRODUCTS_DIR; };
		C5B24BF61E8953720096EAC1 /* AppDelegate.swift */ = {isa = PBXFileReference; lastKnownFileType = sourcecode.swift; path = AppDelegate.swift; sourceTree = "<group>"; };
		C5B24BF81E8953720096EAC1 /* WeatherVC.swift */ = {isa = PBXFileReference; lastKnownFileType = sourcecode.swift; path = WeatherVC.swift; sourceTree = "<group>"; };
		C5B24BFB1E8953720096EAC1 /* Base */ = {isa = PBXFileReference; lastKnownFileType = file.storyboard; name = Base; path = Base.lproj/Main.storyboard; sourceTree = "<group>"; };
		C5B24BFD1E8953720096EAC1 /* Assets.xcassets */ = {isa = PBXFileReference; lastKnownFileType = folder.assetcatalog; path = Assets.xcassets; sourceTree = "<group>"; };
		C5B24C001E8953720096EAC1 /* Base */ = {isa = PBXFileReference; lastKnownFileType = file.storyboard; name = Base; path = Base.lproj/LaunchScreen.storyboard; sourceTree = "<group>"; };
		C5B24C021E8953720096EAC1 /* Info.plist */ = {isa = PBXFileReference; lastKnownFileType = text.plist.xml; path = Info.plist; sourceTree = "<group>"; };
		C5B24C071E8953720096EAC1 /* RainyShinyCloudyTests.xctest */ = {isa = PBXFileReference; explicitFileType = wrapper.cfbundle; includeInIndex = 0; path = RainyShinyCloudyTests.xctest; sourceTree = BUILT_PRODUCTS_DIR; };
		C5B24C0B1E8953720096EAC1 /* RainyShinyCloudyTests.swift */ = {isa = PBXFileReference; lastKnownFileType = sourcecode.swift; path = RainyShinyCloudyTests.swift; sourceTree = "<group>"; };
		C5B24C0D1E8953720096EAC1 /* Info.plist */ = {isa = PBXFileReference; lastKnownFileType = text.plist.xml; path = Info.plist; sourceTree = "<group>"; };
		C5B24C121E8953720096EAC1 /* RainyShinyCloudyUITests.xctest */ = {isa = PBXFileReference; explicitFileType = wrapper.cfbundle; includeInIndex = 0; path = RainyShinyCloudyUITests.xctest; sourceTree = BUILT_PRODUCTS_DIR; };
		C5B24C161E8953720096EAC1 /* RainyShinyCloudyUITests.swift */ = {isa = PBXFileReference; lastKnownFileType = sourcecode.swift; path = RainyShinyCloudyUITests.swift; sourceTree = "<group>"; };
		C5B24C181E8953720096EAC1 /* Info.plist */ = {isa = PBXFileReference; lastKnownFileType = text.plist.xml; path = Info.plist; sourceTree = "<group>"; };
		C5DECBE81E8BF7950031CCB8 /* Forecast.swift */ = {isa = PBXFileReference; fileEncoding = 4; lastKnownFileType = sourcecode.swift; path = Forecast.swift; sourceTree = "<group>"; };
		C5DECBEA1E8C38A30031CCB8 /* WeatherCell.swift */ = {isa = PBXFileReference; fileEncoding = 4; lastKnownFileType = sourcecode.swift; path = WeatherCell.swift; sourceTree = "<group>"; };
		E1C256C70B32431B8BA53F39 /* Pods-RainyShinyCloudyTests.debug.xcconfig */ = {isa = PBXFileReference; includeInIndex = 1; lastKnownFileType = text.xcconfig; name = "Pods-RainyShinyCloudyTests.debug.xcconfig"; path = "Pods/Target Support Files/Pods-RainyShinyCloudyTests/Pods-RainyShinyCloudyTests.debug.xcconfig"; sourceTree = "<group>"; };
		F034955B77090E75C0F2D16E /* Pods-RainyShinyCloudy.release.xcconfig */ = {isa = PBXFileReference; includeInIndex = 1; lastKnownFileType = text.xcconfig; name = "Pods-RainyShinyCloudy.release.xcconfig"; path = "Pods/Target Support Files/Pods-RainyShinyCloudy/Pods-RainyShinyCloudy.release.xcconfig"; sourceTree = "<group>"; };
/* End PBXFileReference section */

/* Begin PBXFrameworksBuildPhase section */
		C5B24BF01E8953720096EAC1 /* Frameworks */ = {
			isa = PBXFrameworksBuildPhase;
			buildActionMask = 2147483647;
			files = (
				A58F7D0E8A14A6456EBDCDB6 /* Pods_RainyShinyCloudy.framework in Frameworks */,
			);
			runOnlyForDeploymentPostprocessing = 0;
		};
		C5B24C041E8953720096EAC1 /* Frameworks */ = {
			isa = PBXFrameworksBuildPhase;
			buildActionMask = 2147483647;
			files = (
				860AE9626DFA8122BC7C7049 /* Pods_RainyShinyCloudyTests.framework in Frameworks */,
			);
			runOnlyForDeploymentPostprocessing = 0;
		};
		C5B24C0F1E8953720096EAC1 /* Frameworks */ = {
			isa = PBXFrameworksBuildPhase;
			buildActionMask = 2147483647;
			files = (
				84F8F880F54602711D5DB4CC /* Pods_RainyShinyCloudyUITests.framework in Frameworks */,
			);
			runOnlyForDeploymentPostprocessing = 0;
		};
/* End PBXFrameworksBuildPhase section */

/* Begin PBXGroup section */
		94453A927489A1E27CD40F93 /* Pods */ = {
			isa = PBXGroup;
			children = (
				4EC2ADBA3F7876A350129AC0 /* Pods-RainyShinyCloudy.debug.xcconfig */,
				F034955B77090E75C0F2D16E /* Pods-RainyShinyCloudy.release.xcconfig */,
				E1C256C70B32431B8BA53F39 /* Pods-RainyShinyCloudyTests.debug.xcconfig */,
				A264F54CD67FD748F1B18CD1 /* Pods-RainyShinyCloudyTests.release.xcconfig */,
				04AC8F84525412DF6F40A5F1 /* Pods-RainyShinyCloudyUITests.debug.xcconfig */,
				3DD34DAF38E295BED0E79C16 /* Pods-RainyShinyCloudyUITests.release.xcconfig */,
			);
			name = Pods;
			sourceTree = "<group>";
		};
		C5B24BEA1E8953720096EAC1 = {
			isa = PBXGroup;
			children = (
				C5B24BF51E8953720096EAC1 /* RainyShinyCloudy */,
				C5B24C0A1E8953720096EAC1 /* RainyShinyCloudyTests */,
				C5B24C151E8953720096EAC1 /* RainyShinyCloudyUITests */,
				C5B24BF41E8953720096EAC1 /* Products */,
				94453A927489A1E27CD40F93 /* Pods */,
				FD5BF73B24F61FEE2D7AF2ED /* Frameworks */,
			);
			sourceTree = "<group>";
		};
		C5B24BF41E8953720096EAC1 /* Products */ = {
			isa = PBXGroup;
			children = (
				C5B24BF31E8953720096EAC1 /* RainyShinyCloudy.app */,
				C5B24C071E8953720096EAC1 /* RainyShinyCloudyTests.xctest */,
				C5B24C121E8953720096EAC1 /* RainyShinyCloudyUITests.xctest */,
			);
			name = Products;
			sourceTree = "<group>";
		};
		C5B24BF51E8953720096EAC1 /* RainyShinyCloudy */ = {
			isa = PBXGroup;
			children = (
				C5B24BF61E8953720096EAC1 /* AppDelegate.swift */,
				C5B24BF81E8953720096EAC1 /* WeatherVC.swift */,
				C5B24BFA1E8953720096EAC1 /* Main.storyboard */,
				C5B24BFD1E8953720096EAC1 /* Assets.xcassets */,
				C5B24BFF1E8953720096EAC1 /* LaunchScreen.storyboard */,
				C5B24C021E8953720096EAC1 /* Info.plist */,
				C526CD6B1E89D0BD00855A55 /* Constants .swift */,
				C526CD6D1E89E58B00855A55 /* currentWeather.swift */,
				C5DECBE81E8BF7950031CCB8 /* Forecast.swift */,
				C5DECBEA1E8C38A30031CCB8 /* WeatherCell.swift */,
				C5A7458B1E8DA7DE00F4E995 /* Location.swift */,
			);
			path = RainyShinyCloudy;
			sourceTree = "<group>";
		};
		C5B24C0A1E8953720096EAC1 /* RainyShinyCloudyTests */ = {
			isa = PBXGroup;
			children = (
				C5B24C0B1E8953720096EAC1 /* RainyShinyCloudyTests.swift */,
				C5B24C0D1E8953720096EAC1 /* Info.plist */,
			);
			path = RainyShinyCloudyTests;
			sourceTree = "<group>";
		};
		C5B24C151E8953720096EAC1 /* RainyShinyCloudyUITests */ = {
			isa = PBXGroup;
			children = (
				C5B24C161E8953720096EAC1 /* RainyShinyCloudyUITests.swift */,
				C5B24C181E8953720096EAC1 /* Info.plist */,
			);
			path = RainyShinyCloudyUITests;
			sourceTree = "<group>";
		};
		FD5BF73B24F61FEE2D7AF2ED /* Frameworks */ = {
			isa = PBXGroup;
			children = (
				685C6893FEF666F41569342C /* Pods_RainyShinyCloudy.framework */,
				64C1AD7C76A9B891B091219E /* Pods_RainyShinyCloudyTests.framework */,
				028FA4A5798D76A6544FDE22 /* Pods_RainyShinyCloudyUITests.framework */,
			);
			name = Frameworks;
			sourceTree = "<group>";
		};
/* End PBXGroup section */

/* Begin PBXNativeTarget section */
		C5B24BF21E8953720096EAC1 /* RainyShinyCloudy */ = {
			isa = PBXNativeTarget;
			buildConfigurationList = C5B24C1B1E8953720096EAC1 /* Build configuration list for PBXNativeTarget "RainyShinyCloudy" */;
			buildPhases = (
				600AB3DA5E19F273ABD3B606 /* [CP] Check Pods Manifest.lock */,
				C5B24BEF1E8953720096EAC1 /* Sources */,
				C5B24BF01E8953720096EAC1 /* Frameworks */,
				C5B24BF11E8953720096EAC1 /* Resources */,
				0B85BDEBE572C9E8F4603263 /* [CP] Embed Pods Frameworks */,
				4DF88E07DAB2B0BA8EEFCD96 /* [CP] Copy Pods Resources */,
			);
			buildRules = (
			);
			dependencies = (
			);
			name = RainyShinyCloudy;
			productName = RainyShinyCloudy;
			productReference = C5B24BF31E8953720096EAC1 /* RainyShinyCloudy.app */;
			productType = "com.apple.product-type.application";
		};
		C5B24C061E8953720096EAC1 /* RainyShinyCloudyTests */ = {
			isa = PBXNativeTarget;
			buildConfigurationList = C5B24C1E1E8953720096EAC1 /* Build configuration list for PBXNativeTarget "RainyShinyCloudyTests" */;
			buildPhases = (
				D123239B2E8DA386BC6BF6DF /* [CP] Check Pods Manifest.lock */,
				C5B24C031E8953720096EAC1 /* Sources */,
				C5B24C041E8953720096EAC1 /* Frameworks */,
				C5B24C051E8953720096EAC1 /* Resources */,
				8AEFF7F9B968F43C0AA8F52C /* [CP] Embed Pods Frameworks */,
				6661B4CE5C53BC284CFAFB5A /* [CP] Copy Pods Resources */,
			);
			buildRules = (
			);
			dependencies = (
				C5B24C091E8953720096EAC1 /* PBXTargetDependency */,
			);
			name = RainyShinyCloudyTests;
			productName = RainyShinyCloudyTests;
			productReference = C5B24C071E8953720096EAC1 /* RainyShinyCloudyTests.xctest */;
			productType = "com.apple.product-type.bundle.unit-test";
		};
		C5B24C111E8953720096EAC1 /* RainyShinyCloudyUITests */ = {
			isa = PBXNativeTarget;
			buildConfigurationList = C5B24C211E8953720096EAC1 /* Build configuration list for PBXNativeTarget "RainyShinyCloudyUITests" */;
			buildPhases = (
				734E2FCA8A014574EBE7F29E /* [CP] Check Pods Manifest.lock */,
				C5B24C0E1E8953720096EAC1 /* Sources */,
				C5B24C0F1E8953720096EAC1 /* Frameworks */,
				C5B24C101E8953720096EAC1 /* Resources */,
				1EF7D8265FB68400E053FFC3 /* [CP] Embed Pods Frameworks */,
				B6CC6C48010462F0C2AE3D69 /* [CP] Copy Pods Resources */,
			);
			buildRules = (
			);
			dependencies = (
				C5B24C141E8953720096EAC1 /* PBXTargetDependency */,
			);
			name = RainyShinyCloudyUITests;
			productName = RainyShinyCloudyUITests;
			productReference = C5B24C121E8953720096EAC1 /* RainyShinyCloudyUITests.xctest */;
			productType = "com.apple.product-type.bundle.ui-testing";
		};
/* End PBXNativeTarget section */

/* Begin PBXProject section */
		C5B24BEB1E8953720096EAC1 /* Project object */ = {
			isa = PBXProject;
			attributes = {
				LastSwiftUpdateCheck = 0820;
				LastUpgradeCheck = 0820;
				ORGANIZATIONNAME = "hemang sharma";
				TargetAttributes = {
					C5B24BF21E8953720096EAC1 = {
						CreatedOnToolsVersion = 8.2.1;
						DevelopmentTeam = 477AQTLFE4;
						ProvisioningStyle = Automatic;
					};
					C5B24C061E8953720096EAC1 = {
						CreatedOnToolsVersion = 8.2.1;
						DevelopmentTeam = 477AQTLFE4;
						ProvisioningStyle = Automatic;
						TestTargetID = C5B24BF21E8953720096EAC1;
					};
					C5B24C111E8953720096EAC1 = {
						CreatedOnToolsVersion = 8.2.1;
						DevelopmentTeam = 477AQTLFE4;
						ProvisioningStyle = Automatic;
						TestTargetID = C5B24BF21E8953720096EAC1;
					};
				};
			};
			buildConfigurationList = C5B24BEE1E8953720096EAC1 /* Build configuration list for PBXProject "RainyShinyCloudy" */;
			compatibilityVersion = "Xcode 3.2";
			developmentRegion = English;
			hasScannedForEncodings = 0;
			knownRegions = (
				en,
				Base,
			);
			mainGroup = C5B24BEA1E8953720096EAC1;
			productRefGroup = C5B24BF41E8953720096EAC1 /* Products */;
			projectDirPath = "";
			projectRoot = "";
			targets = (
				C5B24BF21E8953720096EAC1 /* RainyShinyCloudy */,
				C5B24C061E8953720096EAC1 /* RainyShinyCloudyTests */,
				C5B24C111E8953720096EAC1 /* RainyShinyCloudyUITests */,
			);
		};
/* End PBXProject section */

/* Begin PBXResourcesBuildPhase section */
		C5B24BF11E8953720096EAC1 /* Resources */ = {
			isa = PBXResourcesBuildPhase;
			buildActionMask = 2147483647;
			files = (
				C5B24C011E8953720096EAC1 /* LaunchScreen.storyboard in Resources */,
				C5B24BFE1E8953720096EAC1 /* Assets.xcassets in Resources */,
				C5B24BFC1E8953720096EAC1 /* Main.storyboard in Resources */,
			);
			runOnlyForDeploymentPostprocessing = 0;
		};
		C5B24C051E8953720096EAC1 /* Resources */ = {
			isa = PBXResourcesBuildPhase;
			buildActionMask = 2147483647;
			files = (
			);
			runOnlyForDeploymentPostprocessing = 0;
		};
		C5B24C101E8953720096EAC1 /* Resources */ = {
			isa = PBXResourcesBuildPhase;
			buildActionMask = 2147483647;
			files = (
			);
			runOnlyForDeploymentPostprocessing = 0;
		};
/* End PBXResourcesBuildPhase section */

/* Begin PBXShellScriptBuildPhase section */
		0B85BDEBE572C9E8F4603263 /* [CP] Embed Pods Frameworks */ = {
			isa = PBXShellScriptBuildPhase;
			buildActionMask = 2147483647;
			files = (
			);
			inputPaths = (
			);
			name = "[CP] Embed Pods Frameworks";
			outputPaths = (
			);
			runOnlyForDeploymentPostprocessing = 0;
			shellPath = /bin/sh;
			shellScript = "\"${SRCROOT}/Pods/Target Support Files/Pods-RainyShinyCloudy/Pods-RainyShinyCloudy-frameworks.sh\"\n";
			showEnvVarsInLog = 0;
		};
		1EF7D8265FB68400E053FFC3 /* [CP] Embed Pods Frameworks */ = {
			isa = PBXShellScriptBuildPhase;
			buildActionMask = 2147483647;
			files = (
			);
			inputPaths = (
			);
			name = "[CP] Embed Pods Frameworks";
			outputPaths = (
			);
			runOnlyForDeploymentPostprocessing = 0;
			shellPath = /bin/sh;
			shellScript = "\"${SRCROOT}/Pods/Target Support Files/Pods-RainyShinyCloudyUITests/Pods-RainyShinyCloudyUITests-frameworks.sh\"\n";
			showEnvVarsInLog = 0;
		};
		4DF88E07DAB2B0BA8EEFCD96 /* [CP] Copy Pods Resources */ = {
			isa = PBXShellScriptBuildPhase;
			buildActionMask = 2147483647;
			files = (
			);
			inputPaths = (
			);
			name = "[CP] Copy Pods Resources";
			outputPaths = (
			);
			runOnlyForDeploymentPostprocessing = 0;
			shellPath = /bin/sh;
			shellScript = "\"${SRCROOT}/Pods/Target Support Files/Pods-RainyShinyCloudy/Pods-RainyShinyCloudy-resources.sh\"\n";
			showEnvVarsInLog = 0;
		};
		600AB3DA5E19F273ABD3B606 /* [CP] Check Pods Manifest.lock */ = {
			isa = PBXShellScriptBuildPhase;
			buildActionMask = 2147483647;
			files = (
			);
			inputPaths = (
			);
			name = "[CP] Check Pods Manifest.lock";
			outputPaths = (
			);
			runOnlyForDeploymentPostprocessing = 0;
			shellPath = /bin/sh;
			shellScript = "diff \"${PODS_ROOT}/../Podfile.lock\" \"${PODS_ROOT}/Manifest.lock\" > /dev/null\nif [ $? != 0 ] ; then\n    # print error to STDERR\n    echo \"error: The sandbox is not in sync with the Podfile.lock. Run 'pod install' or update your CocoaPods installation.\" >&2\n    exit 1\nfi\n";
			showEnvVarsInLog = 0;
		};
		6661B4CE5C53BC284CFAFB5A /* [CP] Copy Pods Resources */ = {
			isa = PBXShellScriptBuildPhase;
			buildActionMask = 2147483647;
			files = (
			);
			inputPaths = (
			);
			name = "[CP] Copy Pods Resources";
			outputPaths = (
			);
			runOnlyForDeploymentPostprocessing = 0;
			shellPath = /bin/sh;
			shellScript = "\"${SRCROOT}/Pods/Target Support Files/Pods-RainyShinyCloudyTests/Pods-RainyShinyCloudyTests-resources.sh\"\n";
			showEnvVarsInLog = 0;
		};
		734E2FCA8A014574EBE7F29E /* [CP] Check Pods Manifest.lock */ = {
			isa = PBXShellScriptBuildPhase;
			buildActionMask = 2147483647;
			files = (
			);
			inputPaths = (
			);
			name = "[CP] Check Pods Manifest.lock";
			outputPaths = (
			);
			runOnlyForDeploymentPostprocessing = 0;
			shellPath = /bin/sh;
			shellScript = "diff \"${PODS_ROOT}/../Podfile.lock\" \"${PODS_ROOT}/Manifest.lock\" > /dev/null\nif [ $? != 0 ] ; then\n    # print error to STDERR\n    echo \"error: The sandbox is not in sync with the Podfile.lock. Run 'pod install' or update your CocoaPods installation.\" >&2\n    exit 1\nfi\n";
			showEnvVarsInLog = 0;
		};
		8AEFF7F9B968F43C0AA8F52C /* [CP] Embed Pods Frameworks */ = {
			isa = PBXShellScriptBuildPhase;
			buildActionMask = 2147483647;
			files = (
			);
			inputPaths = (
			);
			name = "[CP] Embed Pods Frameworks";
			outputPaths = (
			);
			runOnlyForDeploymentPostprocessing = 0;
			shellPath = /bin/sh;
			shellScript = "\"${SRCROOT}/Pods/Target Support Files/Pods-RainyShinyCloudyTests/Pods-RainyShinyCloudyTests-frameworks.sh\"\n";
			showEnvVarsInLog = 0;
		};
		B6CC6C48010462F0C2AE3D69 /* [CP] Copy Pods Resources */ = {
			isa = PBXShellScriptBuildPhase;
			buildActionMask = 2147483647;
			files = (
			);
			inputPaths = (
			);
			name = "[CP] Copy Pods Resources";
			outputPaths = (
			);
			runOnlyForDeploymentPostprocessing = 0;
			shellPath = /bin/sh;
			shellScript = "\"${SRCROOT}/Pods/Target Support Files/Pods-RainyShinyCloudyUITests/Pods-RainyShinyCloudyUITests-resources.sh\"\n";
			showEnvVarsInLog = 0;
		};
		D123239B2E8DA386BC6BF6DF /* [CP] Check Pods Manifest.lock */ = {
			isa = PBXShellScriptBuildPhase;
			buildActionMask = 2147483647;
			files = (
			);
			inputPaths = (
			);
			name = "[CP] Check Pods Manifest.lock";
			outputPaths = (
			);
			runOnlyForDeploymentPostprocessing = 0;
			shellPath = /bin/sh;
			shellScript = "diff \"${PODS_ROOT}/../Podfile.lock\" \"${PODS_ROOT}/Manifest.lock\" > /dev/null\nif [ $? != 0 ] ; then\n    # print error to STDERR\n    echo \"error: The sandbox is not in sync with the Podfile.lock. Run 'pod install' or update your CocoaPods installation.\" >&2\n    exit 1\nfi\n";
			showEnvVarsInLog = 0;
		};
/* End PBXShellScriptBuildPhase section */

/* Begin PBXSourcesBuildPhase section */
		C5B24BEF1E8953720096EAC1 /* Sources */ = {
			isa = PBXSourcesBuildPhase;
			buildActionMask = 2147483647;
			files = (
				C5B24BF91E8953720096EAC1 /* WeatherVC.swift in Sources */,
				C526CD6C1E89D0BD00855A55 /* Constants .swift in Sources */,
				C526CD6E1E89E58B00855A55 /* currentWeather.swift in Sources */,
				C5DECBEB1E8C38A30031CCB8 /* WeatherCell.swift in Sources */,
				C5B24BF71E8953720096EAC1 /* AppDelegate.swift in Sources */,
				C5DECBE91E8BF7950031CCB8 /* Forecast.swift in Sources */,
				C5A7458C1E8DA7DE00F4E995 /* Location.swift in Sources */,
			);
			runOnlyForDeploymentPostprocessing = 0;
		};
		C5B24C031E8953720096EAC1 /* Sources */ = {
			isa = PBXSourcesBuildPhase;
			buildActionMask = 2147483647;
			files = (
				C5B24C0C1E8953720096EAC1 /* RainyShinyCloudyTests.swift in Sources */,
			);
			runOnlyForDeploymentPostprocessing = 0;
		};
		C5B24C0E1E8953720096EAC1 /* Sources */ = {
			isa = PBXSourcesBuildPhase;
			buildActionMask = 2147483647;
			files = (
				C5B24C171E8953720096EAC1 /* RainyShinyCloudyUITests.swift in Sources */,
			);
			runOnlyForDeploymentPostprocessing = 0;
		};
/* End PBXSourcesBuildPhase section */

/* Begin PBXTargetDependency section */
		C5B24C091E8953720096EAC1 /* PBXTargetDependency */ = {
			isa = PBXTargetDependency;
			target = C5B24BF21E8953720096EAC1 /* RainyShinyCloudy */;
			targetProxy = C5B24C081E8953720096EAC1 /* PBXContainerItemProxy */;
		};
		C5B24C141E8953720096EAC1 /* PBXTargetDependency */ = {
			isa = PBXTargetDependency;
			target = C5B24BF21E8953720096EAC1 /* RainyShinyCloudy */;
			targetProxy = C5B24C131E8953720096EAC1 /* PBXContainerItemProxy */;
		};
/* End PBXTargetDependency section */

/* Begin PBXVariantGroup section */
		C5B24BFA1E8953720096EAC1 /* Main.storyboard */ = {
			isa = PBXVariantGroup;
			children = (
				C5B24BFB1E8953720096EAC1 /* Base */,
			);
			name = Main.storyboard;
			sourceTree = "<group>";
		};
		C5B24BFF1E8953720096EAC1 /* LaunchScreen.storyboard */ = {
			isa = PBXVariantGroup;
			children = (
				C5B24C001E8953720096EAC1 /* Base */,
			);
			name = LaunchScreen.storyboard;
			sourceTree = "<group>";
		};
/* End PBXVariantGroup section */

/* Begin XCBuildConfiguration section */
		C5B24C191E8953720096EAC1 /* Debug */ = {
			isa = XCBuildConfiguration;
			buildSettings = {
				ALWAYS_SEARCH_USER_PATHS = NO;
				CLANG_ANALYZER_NONNULL = YES;
				CLANG_CXX_LANGUAGE_STANDARD = "gnu++0x";
				CLANG_CXX_LIBRARY = "libc++";
				CLANG_ENABLE_MODULES = YES;
				CLANG_ENABLE_OBJC_ARC = YES;
				CLANG_WARN_BOOL_CONVERSION = YES;
				CLANG_WARN_CONSTANT_CONVERSION = YES;
				CLANG_WARN_DIRECT_OBJC_ISA_USAGE = YES_ERROR;
				CLANG_WARN_DOCUMENTATION_COMMENTS = YES;
				CLANG_WARN_EMPTY_BODY = YES;
				CLANG_WARN_ENUM_CONVERSION = YES;
				CLANG_WARN_INFINITE_RECURSION = YES;
				CLANG_WARN_INT_CONVERSION = YES;
				CLANG_WARN_OBJC_ROOT_CLASS = YES_ERROR;
				CLANG_WARN_SUSPICIOUS_MOVE = YES;
				CLANG_WARN_UNREACHABLE_CODE = YES;
				CLANG_WARN__DUPLICATE_METHOD_MATCH = YES;
				"CODE_SIGN_IDENTITY[sdk=iphoneos*]" = "iPhone Developer";
				COPY_PHASE_STRIP = NO;
				DEBUG_INFORMATION_FORMAT = dwarf;
				ENABLE_STRICT_OBJC_MSGSEND = YES;
				ENABLE_TESTABILITY = YES;
				GCC_C_LANGUAGE_STANDARD = gnu99;
				GCC_DYNAMIC_NO_PIC = NO;
				GCC_NO_COMMON_BLOCKS = YES;
				GCC_OPTIMIZATION_LEVEL = 0;
				GCC_PREPROCESSOR_DEFINITIONS = (
					"DEBUG=1",
					"$(inherited)",
				);
				GCC_WARN_64_TO_32_BIT_CONVERSION = YES;
				GCC_WARN_ABOUT_RETURN_TYPE = YES_ERROR;
				GCC_WARN_UNDECLARED_SELECTOR = YES;
				GCC_WARN_UNINITIALIZED_AUTOS = YES_AGGRESSIVE;
				GCC_WARN_UNUSED_FUNCTION = YES;
				GCC_WARN_UNUSED_VARIABLE = YES;
				IPHONEOS_DEPLOYMENT_TARGET = 10.2;
				MTL_ENABLE_DEBUG_INFO = YES;
				ONLY_ACTIVE_ARCH = YES;
				SDKROOT = iphoneos;
				SWIFT_ACTIVE_COMPILATION_CONDITIONS = DEBUG;
				SWIFT_OPTIMIZATION_LEVEL = "-Onone";
				TARGETED_DEVICE_FAMILY = "1,2";
			};
			name = Debug;
		};
		C5B24C1A1E8953720096EAC1 /* Release */ = {
			isa = XCBuildConfiguration;
			buildSettings = {
				ALWAYS_SEARCH_USER_PATHS = NO;
				CLANG_ANALYZER_NONNULL = YES;
				CLANG_CXX_LANGUAGE_STANDARD = "gnu++0x";
				CLANG_CXX_LIBRARY = "libc++";
				CLANG_ENABLE_MODULES = YES;
				CLANG_ENABLE_OBJC_ARC = YES;
				CLANG_WARN_BOOL_CONVERSION = YES;
				CLANG_WARN_CONSTANT_CONVERSION = YES;
				CLANG_WARN_DIRECT_OBJC_ISA_USAGE = YES_ERROR;
				CLANG_WARN_DOCUMENTATION_COMMENTS = YES;
				CLANG_WARN_EMPTY_BODY = YES;
				CLANG_WARN_ENUM_CONVERSION = YES;
				CLANG_WARN_INFINITE_RECURSION = YES;
				CLANG_WARN_INT_CONVERSION = YES;
				CLANG_WARN_OBJC_ROOT_CLASS = YES_ERROR;
				CLANG_WARN_SUSPICIOUS_MOVE = YES;
				CLANG_WARN_UNREACHABLE_CODE = YES;
				CLANG_WARN__DUPLICATE_METHOD_MATCH = YES;
				"CODE_SIGN_IDENTITY[sdk=iphoneos*]" = "iPhone Developer";
				COPY_PHASE_STRIP = NO;
				DEBUG_INFORMATION_FORMAT = "dwarf-with-dsym";
				ENABLE_NS_ASSERTIONS = NO;
				ENABLE_STRICT_OBJC_MSGSEND = YES;
				GCC_C_LANGUAGE_STANDARD = gnu99;
				GCC_NO_COMMON_BLOCKS = YES;
				GCC_WARN_64_TO_32_BIT_CONVERSION = YES;
				GCC_WARN_ABOUT_RETURN_TYPE = YES_ERROR;
				GCC_WARN_UNDECLARED_SELECTOR = YES;
				GCC_WARN_UNINITIALIZED_AUTOS = YES_AGGRESSIVE;
				GCC_WARN_UNUSED_FUNCTION = YES;
				GCC_WARN_UNUSED_VARIABLE = YES;
				IPHONEOS_DEPLOYMENT_TARGET = 10.2;
				MTL_ENABLE_DEBUG_INFO = NO;
				SDKROOT = iphoneos;
				SWIFT_OPTIMIZATION_LEVEL = "-Owholemodule";
				TARGETED_DEVICE_FAMILY = "1,2";
				VALIDATE_PRODUCT = YES;
			};
			name = Release;
		};
		C5B24C1C1E8953720096EAC1 /* Debug */ = {
			isa = XCBuildConfiguration;
			baseConfigurationReference = 4EC2ADBA3F7876A350129AC0 /* Pods-RainyShinyCloudy.debug.xcconfig */;
			buildSettings = {
				ASSETCATALOG_COMPILER_APPICON_NAME = AppIcon;
				DEVELOPMENT_TEAM = 477AQTLFE4;
				INFOPLIST_FILE = RainyShinyCloudy/Info.plist;
				LD_RUNPATH_SEARCH_PATHS = "$(inherited) @executable_path/Frameworks";
				PRODUCT_BUNDLE_IDENTIFIER = "hemang-sharma.RainyShinyCloudy";
				PRODUCT_NAME = "$(TARGET_NAME)";
				SWIFT_VERSION = 3.0;
			};
			name = Debug;
		};
		C5B24C1D1E8953720096EAC1 /* Release */ = {
			isa = XCBuildConfiguration;
			baseConfigurationReference = F034955B77090E75C0F2D16E /* Pods-RainyShinyCloudy.release.xcconfig */;
			buildSettings = {
				ASSETCATALOG_COMPILER_APPICON_NAME = AppIcon;
				DEVELOPMENT_TEAM = 477AQTLFE4;
				INFOPLIST_FILE = RainyShinyCloudy/Info.plist;
				LD_RUNPATH_SEARCH_PATHS = "$(inherited) @executable_path/Frameworks";
				PRODUCT_BUNDLE_IDENTIFIER = "hemang-sharma.RainyShinyCloudy";
				PRODUCT_NAME = "$(TARGET_NAME)";
				SWIFT_VERSION = 3.0;
			};
			name = Release;
		};
		C5B24C1F1E8953720096EAC1 /* Debug */ = {
			isa = XCBuildConfiguration;
			baseConfigurationReference = E1C256C70B32431B8BA53F39 /* Pods-RainyShinyCloudyTests.debug.xcconfig */;
			buildSettings = {
				ALWAYS_EMBED_SWIFT_STANDARD_LIBRARIES = YES;
				BUNDLE_LOADER = "$(TEST_HOST)";
				DEVELOPMENT_TEAM = 477AQTLFE4;
				INFOPLIST_FILE = RainyShinyCloudyTests/Info.plist;
				LD_RUNPATH_SEARCH_PATHS = "$(inherited) @executable_path/Frameworks @loader_path/Frameworks";
				PRODUCT_BUNDLE_IDENTIFIER = "hemang-sharma.RainyShinyCloudyTests";
				PRODUCT_NAME = "$(TARGET_NAME)";
				SWIFT_VERSION = 3.0;
				TEST_HOST = "$(BUILT_PRODUCTS_DIR)/RainyShinyCloudy.app/RainyShinyCloudy";
			};
			name = Debug;
		};
		C5B24C201E8953720096EAC1 /* Release */ = {
			isa = XCBuildConfiguration;
			baseConfigurationReference = A264F54CD67FD748F1B18CD1 /* Pods-RainyShinyCloudyTests.release.xcconfig */;
			buildSettings = {
				ALWAYS_EMBED_SWIFT_STANDARD_LIBRARIES = YES;
				BUNDLE_LOADER = "$(TEST_HOST)";
				DEVELOPMENT_TEAM = 477AQTLFE4;
				INFOPLIST_FILE = RainyShinyCloudyTests/Info.plist;
				LD_RUNPATH_SEARCH_PATHS = "$(inherited) @executable_path/Frameworks @loader_path/Frameworks";
				PRODUCT_BUNDLE_IDENTIFIER = "hemang-sharma.RainyShinyCloudyTests";
				PRODUCT_NAME = "$(TARGET_NAME)";
				SWIFT_VERSION = 3.0;
				TEST_HOST = "$(BUILT_PRODUCTS_DIR)/RainyShinyCloudy.app/RainyShinyCloudy";
			};
			name = Release;
		};
		C5B24C221E8953720096EAC1 /* Debug */ = {
			isa = XCBuildConfiguration;
			baseConfigurationReference = 04AC8F84525412DF6F40A5F1 /* Pods-RainyShinyCloudyUITests.debug.xcconfig */;
			buildSettings = {
				ALWAYS_EMBED_SWIFT_STANDARD_LIBRARIES = YES;
				DEVELOPMENT_TEAM = 477AQTLFE4;
				INFOPLIST_FILE = RainyShinyCloudyUITests/Info.plist;
				LD_RUNPATH_SEARCH_PATHS = "$(inherited) @executable_path/Frameworks @loader_path/Frameworks";
				PRODUCT_BUNDLE_IDENTIFIER = "hemang-sharma.RainyShinyCloudyUITests";
				PRODUCT_NAME = "$(TARGET_NAME)";
				SWIFT_VERSION = 3.0;
				TEST_TARGET_NAME = RainyShinyCloudy;
			};
			name = Debug;
		};
		C5B24C231E8953720096EAC1 /* Release */ = {
			isa = XCBuildConfiguration;
			baseConfigurationReference = 3DD34DAF38E295BED0E79C16 /* Pods-RainyShinyCloudyUITests.release.xcconfig */;
			buildSettings = {
				ALWAYS_EMBED_SWIFT_STANDARD_LIBRARIES = YES;
				DEVELOPMENT_TEAM = 477AQTLFE4;
				INFOPLIST_FILE = RainyShinyCloudyUITests/Info.plist;
				LD_RUNPATH_SEARCH_PATHS = "$(inherited) @executable_path/Frameworks @loader_path/Frameworks";
				PRODUCT_BUNDLE_IDENTIFIER = "hemang-sharma.RainyShinyCloudyUITests";
				PRODUCT_NAME = "$(TARGET_NAME)";
				SWIFT_VERSION = 3.0;
				TEST_TARGET_NAME = RainyShinyCloudy;
			};
			name = Release;
		};
/* End XCBuildConfiguration section */

/* Begin XCConfigurationList section */
		C5B24BEE1E8953720096EAC1 /* Build configuration list for PBXProject "RainyShinyCloudy" */ = {
			isa = XCConfigurationList;
			buildConfigurations = (
				C5B24C191E8953720096EAC1 /* Debug */,
				C5B24C1A1E8953720096EAC1 /* Release */,
			);
			defaultConfigurationIsVisible = 0;
			defaultConfigurationName = Release;
		};
		C5B24C1B1E8953720096EAC1 /* Build configuration list for PBXNativeTarget "RainyShinyCloudy" */ = {
			isa = XCConfigurationList;
			buildConfigurations = (
				C5B24C1C1E8953720096EAC1 /* Debug */,
				C5B24C1D1E8953720096EAC1 /* Release */,
			);
			defaultConfigurationIsVisible = 0;
			defaultConfigurationName = Release;
		};
		C5B24C1E1E8953720096EAC1 /* Build configuration list for PBXNativeTarget "RainyShinyCloudyTests" */ = {
			isa = XCConfigurationList;
			buildConfigurations = (
				C5B24C1F1E8953720096EAC1 /* Debug */,
				C5B24C201E8953720096EAC1 /* Release */,
			);
			defaultConfigurationIsVisible = 0;
			defaultConfigurationName = Release;
		};
		C5B24C211E8953720096EAC1 /* Build configuration list for PBXNativeTarget "RainyShinyCloudyUITests" */ = {
			isa = XCConfigurationList;
			buildConfigurations = (
				C5B24C221E8953720096EAC1 /* Debug */,
				C5B24C231E8953720096EAC1 /* Release */,
			);
			defaultConfigurationIsVisible = 0;
			defaultConfigurationName = Release;
		};
/* End XCConfigurationList section */
	};
	rootObject = C5B24BEB1E8953720096EAC1 /* Project object */;
}
